Microsoft Visual Studio Solution File, Format Version 12.00
# Visual Studio 2012
Project("{0DEA5A75-ED5F-49AE-EFEA-8249915FDBFE}") = "AssetRender", "Assembly-CSharp.csproj", "{5487F201-814C-7A29-3B3B-88B269D00D51}"
EndProject
Project("{0DEA5A75-ED5F-49AE-EFEA-8249915FDBFE}") = "AssetRender", "Assembly-CSharp-Editor-firstpass.csproj", "{944A5432-9B56-38F4-A34B-B80CB38FD490}"
EndProject
Project("{0DEA5A75-ED5F-49AE-EFEA-8249915FDBFE}") = "AssetRender", "Assembly-CSharp-Editor.csproj", "{9568A3C7-7E2A-9BD6-5DFF-E41E3B8BD09E}"
EndProject
Global
	GlobalSection(SolutionConfigurationPlatforms) = preSolution
		Debug|Any CPU = Debug|Any CPU
		Release|Any CPU = Release|Any CPU
	EndGlobalSection
	GlobalSection(ProjectConfigurationPlatforms) = postSolution
		{5487F201-814C-7A29-3B3B-88B269D00D51}.Debug|Any CPU.ActiveCfg = Debug|Any CPU
		{5487F201-814C-7A29-3B3B-88B269D00D51}.Debug|Any CPU.Build.0 = Debug|Any CPU
		{5487F201-814C-7A29-3B3B-88B269D00D51}.Release|Any CPU.ActiveCfg = Release|Any CPU
		{5487F201-814C-7A29-3B3B-88B269D00D51}.Release|Any CPU.Build.0 = Release|Any CPU
		{944A5432-9B56-38F4-A34B-B80CB38FD490}.Debug|Any CPU.ActiveCfg = Debug|Any CPU
		{944A5432-9B56-38F4-A34B-B80CB38FD490}.Debug|Any CPU.Build.0 = Debug|Any CPU
		{944A5432-9B56-38F4-A34B-B80CB38FD490}.Release|Any CPU.ActiveCfg = Release|Any CPU
		{944A5432-9B56-38F4-A34B-B80CB38FD490}.Release|Any CPU.Build.0 = Release|Any CPU
		{9568A3C7-7E2A-9BD6-5DFF-E41E3B8BD09E}.Debug|Any CPU.ActiveCfg = Debug|Any CPU
		{9568A3C7-7E2A-9BD6-5DFF-E41E3B8BD09E}.Debug|Any CPU.Build.0 = Debug|Any CPU
		{9568A3C7-7E2A-9BD6-5DFF-E41E3B8BD09E}.Release|Any CPU.ActiveCfg = Release|Any CPU
		{9568A3C7-7E2A-9BD6-5DFF-E41E3B8BD09E}.Release|Any CPU.Build.0 = Release|Any CPU
	EndGlobalSection
				GlobalSection(MonoDevelopProperties) = preSolution
		StartupItem = Assembly-CSharp.csproj
		Policies = $0
		$0.TextStylePolicy = $1
		$1.inheritsSet = null
		$1.scope = text/x-csharp
		$0.CSharpFormattingPolicy = $2
		$2.inheritsSet = Mono
		$2.inheritsScope = text/x-csharp
		$2.scope = text/x-csharp
		$0.TextStylePolicy = $3
		$3.FileWidth = 120
		$3.TabWidth = 4
		$3.IndentWidth = 4
		$3.EolMarker = Unix
		$3.inheritsSet = Mono
		$3.inheritsScope = text/plain
		$3.scope = text/plain
	EndGlobalSection
EndGlobal
